
Microsoft Visual Studio Solution File, Format Version 12.00
# Visual Studio 15
VisualStudioVersion = 15.0.28307.1340
MinimumVisualStudioVersion = 10.0.40219.1
Project("{FAE04EC0-301F-11D3-BF4B-00C04F79EFBC}") = "WPFPrueba1", "WPFPrueba1\WPFPrueba1.csproj", "{00540578-26A5-419D-AF35-761809A0FEB8}"
EndProject
Global
	GlobalSection(SolutionConfigurationPlatforms) = preSolution
		Debug|Any CPU = Debug|Any CPU
		Release|Any CPU = Release|Any CPU
	EndGlobalSection
	GlobalSection(ProjectConfigurationPlatforms) = postSolution
		{00540578-26A5-419D-AF35-761809A0FEB8}.Debug|Any CPU.ActiveCfg = Debug|Any CPU
		{00540578-26A5-419D-AF35-761809A0FEB8}.Debug|Any CPU.Build.0 = Debug|Any CPU
		{00540578-26A5-419D-AF35-761809A0FEB8}.Release|Any CPU.ActiveCfg = Release|Any CPU
		{00540578-26A5-419D-AF35-761809A0FEB8}.Release|Any CPU.Build.0 = Release|Any CPU
	EndGlobalSection
	GlobalSection(SolutionProperties) = preSolution
		HideSolutionNode = FALSE
	EndGlobalSection
	GlobalSection(ExtensibilityGlobals) = postSolution
		SolutionGuid = {7DEE555A-A0CC-483B-B197-13F6103DF781}
	EndGlobalSection
EndGlobal
